
Microsoft Visual Studio Solution File, Format Version 12.00
# Visual Studio Version 17
VisualStudioVersion = 17.0.31903.59
MinimumVisualStudioVersion = 10.0.40219.1
Project("{2150E333-8FDC-42A3-9474-1A3956D46DE8}") = "src", "src", "{827E0CD3-B72D-47B6-A68D-7590B98EB39B}"
	ProjectSection(SolutionItems) = preProject
		docker-compose.yml = docker-compose.yml
	EndProjectSection
EndProject
Project("{FAE04EC0-301F-11D3-BF4B-00C04F79EFBC}") = "Rentals.Api", "src\Rentals.Api\Rentals.Api.csproj", "{7A0C2C8B-C83B-49F5-9D9A-8CB041E1768A}"
EndProject
Project("{FAE04EC0-301F-11D3-BF4B-00C04F79EFBC}") = "Rentals.Application", "src\Rentals.Application\Rentals.Application.csproj", "{136D6B38-7C2B-4460-A5F1-C5C3E775CCB8}"
EndProject
Project("{FAE04EC0-301F-11D3-BF4B-00C04F79EFBC}") = "Rentals.Domain", "src\Rentals.Domain\Rentals.Domain.csproj", "{A16F0FA4-8C37-4345-A5C1-E383A69D7C2A}"
EndProject
Project("{FAE04EC0-301F-11D3-BF4B-00C04F79EFBC}") = "Rentals.Infrastructure", "src\Rentals.Infrastructure\Rentals.Infrastructure.csproj", "{864AD84B-17A0-4094-B258-CFCC8A85DC73}"
EndProject
Project("{2150E333-8FDC-42A3-9474-1A3956D46DE8}") = "tests", "tests", "{0AB3BF05-4346-4AA6-1389-037BE0695223}"
EndProject
Project("{FAE04EC0-301F-11D3-BF4B-00C04F79EFBC}") = "Rentals.UnitTests", "tests\Rentals.UnitTests\Rentals.UnitTests.csproj", "{97E357AD-17DE-4F2B-9322-FA24D7CECB4F}"
EndProject
Global
	GlobalSection(SolutionConfigurationPlatforms) = preSolution
		Debug|Any CPU = Debug|Any CPU
		Debug|x64 = Debug|x64
		Debug|x86 = Debug|x86
		Release|Any CPU = Release|Any CPU
		Release|x64 = Release|x64
		Release|x86 = Release|x86
	EndGlobalSection
	GlobalSection(ProjectConfigurationPlatforms) = postSolution
		{7A0C2C8B-C83B-49F5-9D9A-8CB041E1768A}.Debug|Any CPU.ActiveCfg = Debug|Any CPU
		{7A0C2C8B-C83B-49F5-9D9A-8CB041E1768A}.Debug|Any CPU.Build.0 = Debug|Any CPU
		{7A0C2C8B-C83B-49F5-9D9A-8CB041E1768A}.Debug|x64.ActiveCfg = Debug|Any CPU
		{7A0C2C8B-C83B-49F5-9D9A-8CB041E1768A}.Debug|x64.Build.0 = Debug|Any CPU
		{7A0C2C8B-C83B-49F5-9D9A-8CB041E1768A}.Debug|x86.ActiveCfg = Debug|Any CPU
		{7A0C2C8B-C83B-49F5-9D9A-8CB041E1768A}.Debug|x86.Build.0 = Debug|Any CPU
		{7A0C2C8B-C83B-49F5-9D9A-8CB041E1768A}.Release|Any CPU.ActiveCfg = Release|Any CPU
		{7A0C2C8B-C83B-49F5-9D9A-8CB041E1768A}.Release|Any CPU.Build.0 = Release|Any CPU
		{7A0C2C8B-C83B-49F5-9D9A-8CB041E1768A}.Release|x64.ActiveCfg = Release|Any CPU
		{7A0C2C8B-C83B-49F5-9D9A-8CB041E1768A}.Release|x64.Build.0 = Release|Any CPU
		{7A0C2C8B-C83B-49F5-9D9A-8CB041E1768A}.Release|x86.ActiveCfg = Release|Any CPU
		{7A0C2C8B-C83B-49F5-9D9A-8CB041E1768A}.Release|x86.Build.0 = Release|Any CPU
		{136D6B38-7C2B-4460-A5F1-C5C3E775CCB8}.Debug|Any CPU.ActiveCfg = Debug|Any CPU
		{136D6B38-7C2B-4460-A5F1-C5C3E775CCB8}.Debug|Any CPU.Build.0 = Debug|Any CPU
		{136D6B38-7C2B-4460-A5F1-C5C3E775CCB8}.Debug|x64.ActiveCfg = Debug|Any CPU
		{136D6B38-7C2B-4460-A5F1-C5C3E775CCB8}.Debug|x64.Build.0 = Debug|Any CPU
		{136D6B38-7C2B-4460-A5F1-C5C3E775CCB8}.Debug|x86.ActiveCfg = Debug|Any CPU
		{136D6B38-7C2B-4460-A5F1-C5C3E775CCB8}.Debug|x86.Build.0 = Debug|Any CPU
		{136D6B38-7C2B-4460-A5F1-C5C3E775CCB8}.Release|Any CPU.ActiveCfg = Release|Any CPU
		{136D6B38-7C2B-4460-A5F1-C5C3E775CCB8}.Release|Any CPU.Build.0 = Release|Any CPU
		{136D6B38-7C2B-4460-A5F1-C5C3E775CCB8}.Release|x64.ActiveCfg = Release|Any CPU
		{136D6B38-7C2B-4460-A5F1-C5C3E775CCB8}.Release|x64.Build.0 = Release|Any CPU
		{136D6B38-7C2B-4460-A5F1-C5C3E775CCB8}.Release|x86.ActiveCfg = Release|Any CPU
		{136D6B38-7C2B-4460-A5F1-C5C3E775CCB8}.Release|x86.Build.0 = Release|Any CPU
		{A16F0FA4-8C37-4345-A5C1-E383A69D7C2A}.Debug|Any CPU.ActiveCfg = Debug|Any CPU
		{A16F0FA4-8C37-4345-A5C1-E383A69D7C2A}.Debug|Any CPU.Build.0 = Debug|Any CPU
		{A16F0FA4-8C37-4345-A5C1-E383A69D7C2A}.Debug|x64.ActiveCfg = Debug|Any CPU
		{A16F0FA4-8C37-4345-A5C1-E383A69D7C2A}.Debug|x64.Build.0 = Debug|Any CPU
		{A16F0FA4-8C37-4345-A5C1-E383A69D7C2A}.Debug|x86.ActiveCfg = Debug|Any CPU
		{A16F0FA4-8C37-4345-A5C1-E383A69D7C2A}.Debug|x86.Build.0 = Debug|Any CPU
		{A16F0FA4-8C37-4345-A5C1-E383A69D7C2A}.Release|Any CPU.ActiveCfg = Release|Any CPU
		{A16F0FA4-8C37-4345-A5C1-E383A69D7C2A}.Release|Any CPU.Build.0 = Release|Any CPU
		{A16F0FA4-8C37-4345-A5C1-E383A69D7C2A}.Release|x64.ActiveCfg = Release|Any CPU
		{A16F0FA4-8C37-4345-A5C1-E383A69D7C2A}.Release|x64.Build.0 = Release|Any CPU
		{A16F0FA4-8C37-4345-A5C1-E383A69D7C2A}.Release|x86.ActiveCfg = Release|Any CPU
		{A16F0FA4-8C37-4345-A5C1-E383A69D7C2A}.Release|x86.Build.0 = Release|Any CPU
		{864AD84B-17A0-4094-B258-CFCC8A85DC73}.Debug|Any CPU.ActiveCfg = Debug|Any CPU
		{864AD84B-17A0-4094-B258-CFCC8A85DC73}.Debug|Any CPU.Build.0 = Debug|Any CPU
		{864AD84B-17A0-4094-B258-CFCC8A85DC73}.Debug|x64.ActiveCfg = Debug|Any CPU
		{864AD84B-17A0-4094-B258-CFCC8A85DC73}.Debug|x64.Build.0 = Debug|Any CPU
		{864AD84B-17A0-4094-B258-CFCC8A85DC73}.Debug|x86.ActiveCfg = Debug|Any CPU
		{864AD84B-17A0-4094-B258-CFCC8A85DC73}.Debug|x86.Build.0 = Debug|Any CPU
		{864AD84B-17A0-4094-B258-CFCC8A85DC73}.Release|Any CPU.ActiveCfg = Release|Any CPU
		{864AD84B-17A0-4094-B258-CFCC8A85DC73}.Release|Any CPU.Build.0 = Release|Any CPU
		{864AD84B-17A0-4094-B258-CFCC8A85DC73}.Release|x64.ActiveCfg = Release|Any CPU
		{864AD84B-17A0-4094-B258-CFCC8A85DC73}.Release|x64.Build.0 = Release|Any CPU
		{864AD84B-17A0-4094-B258-CFCC8A85DC73}.Release|x86.ActiveCfg = Release|Any CPU
		{864AD84B-17A0-4094-B258-CFCC8A85DC73}.Release|x86.Build.0 = Release|Any CPU
		{97E357AD-17DE-4F2B-9322-FA24D7CECB4F}.Debug|Any CPU.ActiveCfg = Debug|Any CPU
		{97E357AD-17DE-4F2B-9322-FA24D7CECB4F}.Debug|Any CPU.Build.0 = Debug|Any CPU
		{97E357AD-17DE-4F2B-9322-FA24D7CECB4F}.Debug|x64.ActiveCfg = Debug|Any CPU
		{97E357AD-17DE-4F2B-9322-FA24D7CECB4F}.Debug|x64.Build.0 = Debug|Any CPU
		{97E357AD-17DE-4F2B-9322-FA24D7CECB4F}.Debug|x86.ActiveCfg = Debug|Any CPU
		{97E357AD-17DE-4F2B-9322-FA24D7CECB4F}.Debug|x86.Build.0 = Debug|Any CPU
		{97E357AD-17DE-4F2B-9322-FA24D7CECB4F}.Release|Any CPU.ActiveCfg = Release|Any CPU
		{97E357AD-17DE-4F2B-9322-FA24D7CECB4F}.Release|Any CPU.Build.0 = Release|Any CPU
		{97E357AD-17DE-4F2B-9322-FA24D7CECB4F}.Release|x64.ActiveCfg = Release|Any CPU
		{97E357AD-17DE-4F2B-9322-FA24D7CECB4F}.Release|x64.Build.0 = Release|Any CPU
		{97E357AD-17DE-4F2B-9322-FA24D7CECB4F}.Release|x86.ActiveCfg = Release|Any CPU
		{97E357AD-17DE-4F2B-9322-FA24D7CECB4F}.Release|x86.Build.0 = Release|Any CPU
	EndGlobalSection
	GlobalSection(SolutionProperties) = preSolution
		HideSolutionNode = FALSE
	EndGlobalSection
	GlobalSection(NestedProjects) = preSolution
		{7A0C2C8B-C83B-49F5-9D9A-8CB041E1768A} = {827E0CD3-B72D-47B6-A68D-7590B98EB39B}
		{136D6B38-7C2B-4460-A5F1-C5C3E775CCB8} = {827E0CD3-B72D-47B6-A68D-7590B98EB39B}
		{A16F0FA4-8C37-4345-A5C1-E383A69D7C2A} = {827E0CD3-B72D-47B6-A68D-7590B98EB39B}
		{864AD84B-17A0-4094-B258-CFCC8A85DC73} = {827E0CD3-B72D-47B6-A68D-7590B98EB39B}
		{97E357AD-17DE-4F2B-9322-FA24D7CECB4F} = {0AB3BF05-4346-4AA6-1389-037BE0695223}
	EndGlobalSection
	GlobalSection(ExtensibilityGlobals) = postSolution
		SolutionGuid = {C085AD90-825C-4979-B78E-C77C80F0FD60}
	EndGlobalSection
EndGlobal
